
Microsoft Visual Studio Solution File, Format Version 12.00
# Visual Studio Version 17
VisualStudioVersion = 17.11.35303.130
MinimumVisualStudioVersion = 10.0.40219.1
Project("{FAE04EC0-301F-11D3-BF4B-00C04F79EFBC}") = "CriminalV2", "CriminalV2.csproj", "{C4BAF113-F803-4BDD-84A5-D6E655F2012D}"
EndProject
Global
	GlobalSection(SolutionConfigurationPlatforms) = preSolution
		Debug|Any CPU = Debug|Any CPU
		Release|Any CPU = Release|Any CPU
	EndGlobalSection
	GlobalSection(ProjectConfigurationPlatforms) = postSolution
		{C4BAF113-F803-4BDD-84A5-D6E655F2012D}.Debug|Any CPU.ActiveCfg = Debug|Any CPU
		{C4BAF113-F803-4BDD-84A5-D6E655F2012D}.Debug|Any CPU.Build.0 = Debug|Any CPU
		{C4BAF113-F803-4BDD-84A5-D6E655F2012D}.Release|Any CPU.ActiveCfg = Release|Any CPU
		{C4BAF113-F803-4BDD-84A5-D6E655F2012D}.Release|Any CPU.Build.0 = Release|Any CPU
	EndGlobalSection
	GlobalSection(SolutionProperties) = preSolution
		HideSolutionNode = FALSE
	EndGlobalSection
	GlobalSection(ExtensibilityGlobals) = postSolution
		SolutionGuid = {969640ED-CE32-4236-A832-3A13FAC14B99}
	EndGlobalSection
EndGlobal
